// !$*UTF8*$!
{
	archiveVersion = 1;
	classes = {
	};
	objectVersion = 46;
	objects = {

/* Begin PBXBuildFile section */
		66F65130E9B6A6526BD53031 /* Pods_WorkHours.framework in Frameworks */ = {isa = PBXBuildFile; fileRef = DA9DD9CA8329BAD657B5A030 /* Pods_WorkHours.framework */; };
		86A3BA761F5460EE00ABF0A0 /* AppDelegate.swift in Sources */ = {isa = PBXBuildFile; fileRef = 86A3BA751F5460EE00ABF0A0 /* AppDelegate.swift */; };
		86A3BA7B1F5460EE00ABF0A0 /* Main.storyboard in Resources */ = {isa = PBXBuildFile; fileRef = 86A3BA791F5460EE00ABF0A0 /* Main.storyboard */; };
		86A3BA7E1F5460EF00ABF0A0 /* WorkHours.xcdatamodeld in Sources */ = {isa = PBXBuildFile; fileRef = 86A3BA7C1F5460EF00ABF0A0 /* WorkHours.xcdatamodeld */; };
		86A3BA801F5460EF00ABF0A0 /* Assets.xcassets in Resources */ = {isa = PBXBuildFile; fileRef = 86A3BA7F1F5460EF00ABF0A0 /* Assets.xcassets */; };
		86A3BA831F5460EF00ABF0A0 /* LaunchScreen.storyboard in Resources */ = {isa = PBXBuildFile; fileRef = 86A3BA811F5460EF00ABF0A0 /* LaunchScreen.storyboard */; };
		86A3BA8D1F54621B00ABF0A0 /* ViewController.swift in Sources */ = {isa = PBXBuildFile; fileRef = 86A3BA8C1F54621B00ABF0A0 /* ViewController.swift */; };
		86A3BA901F5462C800ABF0A0 /* CheckService.swift in Sources */ = {isa = PBXBuildFile; fileRef = 86A3BA8F1F5462C800ABF0A0 /* CheckService.swift */; };
		86A3BA921F5462E600ABF0A0 /* CoreDataStack.swift in Sources */ = {isa = PBXBuildFile; fileRef = 86A3BA911F5462E600ABF0A0 /* CoreDataStack.swift */; };
		86A3BA941F5463D700ABF0A0 /* Extensions.swift in Sources */ = {isa = PBXBuildFile; fileRef = 86A3BA931F5463D700ABF0A0 /* Extensions.swift */; };
/* End PBXBuildFile section */

/* Begin PBXFileReference section */
		6F2A377C8B436B2A17117F90 /* Pods-WorkHours.debug.xcconfig */ = {isa = PBXFileReference; includeInIndex = 1; lastKnownFileType = text.xcconfig; name = "Pods-WorkHours.debug.xcconfig"; path = "Pods/Target Support Files/Pods-WorkHours/Pods-WorkHours.debug.xcconfig"; sourceTree = "<group>"; };
		86A3BA721F5460EE00ABF0A0 /* WorkHours.app */ = {isa = PBXFileReference; explicitFileType = wrapper.application; includeInIndex = 0; path = WorkHours.app; sourceTree = BUILT_PRODUCTS_DIR; };
		86A3BA751F5460EE00ABF0A0 /* AppDelegate.swift */ = {isa = PBXFileReference; lastKnownFileType = sourcecode.swift; path = AppDelegate.swift; sourceTree = "<group>"; };
		86A3BA7A1F5460EE00ABF0A0 /* Base */ = {isa = PBXFileReference; lastKnownFileType = file.storyboard; name = Base; path = Base.lproj/Main.storyboard; sourceTree = "<group>"; };
		86A3BA7D1F5460EF00ABF0A0 /* WorkHours.xcdatamodel */ = {isa = PBXFileReference; lastKnownFileType = wrapper.xcdatamodel; path = WorkHours.xcdatamodel; sourceTree = "<group>"; };
		86A3BA7F1F5460EF00ABF0A0 /* Assets.xcassets */ = {isa = PBXFileReference; lastKnownFileType = folder.assetcatalog; path = Assets.xcassets; sourceTree = "<group>"; };
		86A3BA821F5460EF00ABF0A0 /* Base */ = {isa = PBXFileReference; lastKnownFileType = file.storyboard; name = Base; path = Base.lproj/LaunchScreen.storyboard; sourceTree = "<group>"; };
		86A3BA841F5460EF00ABF0A0 /* Info.plist */ = {isa = PBXFileReference; lastKnownFileType = text.plist.xml; path = Info.plist; sourceTree = "<group>"; };
		86A3BA8C1F54621B00ABF0A0 /* ViewController.swift */ = {isa = PBXFileReference; fileEncoding = 4; lastKnownFileType = sourcecode.swift; path = ViewController.swift; sourceTree = "<group>"; };
		86A3BA8F1F5462C800ABF0A0 /* CheckService.swift */ = {isa = PBXFileReference; fileEncoding = 4; lastKnownFileType = sourcecode.swift; path = CheckService.swift; sourceTree = "<group>"; };
		86A3BA911F5462E600ABF0A0 /* CoreDataStack.swift */ = {isa = PBXFileReference; fileEncoding = 4; lastKnownFileType = sourcecode.swift; path = CoreDataStack.swift; sourceTree = "<group>"; };
		86A3BA931F5463D700ABF0A0 /* Extensions.swift */ = {isa = PBXFileReference; fileEncoding = 4; lastKnownFileType = sourcecode.swift; path = Extensions.swift; sourceTree = "<group>"; };
		9C313EA275A62E8E7B60E81C /* Pods-WorkHours.release.xcconfig */ = {isa = PBXFileReference; includeInIndex = 1; lastKnownFileType = text.xcconfig; name = "Pods-WorkHours.release.xcconfig"; path = "Pods/Target Support Files/Pods-WorkHours/Pods-WorkHours.release.xcconfig"; sourceTree = "<group>"; };
		DA9DD9CA8329BAD657B5A030 /* Pods_WorkHours.framework */ = {isa = PBXFileReference; explicitFileType = wrapper.framework; includeInIndex = 0; path = Pods_WorkHours.framework; sourceTree = BUILT_PRODUCTS_DIR; };
/* End PBXFileReference section */

/* Begin PBXFrameworksBuildPhase section */
		86A3BA6F1F5460EE00ABF0A0 /* Frameworks */ = {
			isa = PBXFrameworksBuildPhase;
			buildActionMask = 2147483647;
			files = (
				66F65130E9B6A6526BD53031 /* Pods_WorkHours.framework in Frameworks */,
			);
			runOnlyForDeploymentPostprocessing = 0;
		};
/* End PBXFrameworksBuildPhase section */

/* Begin PBXGroup section */
		2D069EEE11C33ED2EECEE258 /* Pods */ = {
			isa = PBXGroup;
			children = (
				6F2A377C8B436B2A17117F90 /* Pods-WorkHours.debug.xcconfig */,
				9C313EA275A62E8E7B60E81C /* Pods-WorkHours.release.xcconfig */,
			);
			name = Pods;
			sourceTree = "<group>";
		};
		7E0B70119F1620AD3821945C /* Frameworks */ = {
			isa = PBXGroup;
			children = (
				DA9DD9CA8329BAD657B5A030 /* Pods_WorkHours.framework */,
			);
			name = Frameworks;
			sourceTree = "<group>";
		};
		86A3BA691F5460EE00ABF0A0 = {
			isa = PBXGroup;
			children = (
				86A3BA741F5460EE00ABF0A0 /* WorkHours */,
				86A3BA731F5460EE00ABF0A0 /* Products */,
				2D069EEE11C33ED2EECEE258 /* Pods */,
				7E0B70119F1620AD3821945C /* Frameworks */,
			);
			sourceTree = "<group>";
		};
		86A3BA731F5460EE00ABF0A0 /* Products */ = {
			isa = PBXGroup;
			children = (
				86A3BA721F5460EE00ABF0A0 /* WorkHours.app */,
			);
			name = Products;
			sourceTree = "<group>";
		};
		86A3BA741F5460EE00ABF0A0 /* WorkHours */ = {
			isa = PBXGroup;
			children = (
				86A3BA8E1F54624200ABF0A0 /* Common */,
				86A3BA8A1F54621B00ABF0A0 /* Dashboard */,
				86A3BA8B1F54621B00ABF0A0 /* Home */,
				86A3BA751F5460EE00ABF0A0 /* AppDelegate.swift */,
				86A3BA791F5460EE00ABF0A0 /* Main.storyboard */,
				86A3BA7F1F5460EF00ABF0A0 /* Assets.xcassets */,
				86A3BA811F5460EF00ABF0A0 /* LaunchScreen.storyboard */,
				86A3BA841F5460EF00ABF0A0 /* Info.plist */,
				86A3BA7C1F5460EF00ABF0A0 /* WorkHours.xcdatamodeld */,
			);
			path = WorkHours;
			sourceTree = "<group>";
		};
		86A3BA8A1F54621B00ABF0A0 /* Dashboard */ = {
			isa = PBXGroup;
			children = (
			);
			path = Dashboard;
			sourceTree = "<group>";
		};
		86A3BA8B1F54621B00ABF0A0 /* Home */ = {
			isa = PBXGroup;
			children = (
				86A3BA8C1F54621B00ABF0A0 /* ViewController.swift */,
				86A3BA8F1F5462C800ABF0A0 /* CheckService.swift */,
			);
			path = Home;
			sourceTree = "<group>";
		};
		86A3BA8E1F54624200ABF0A0 /* Common */ = {
			isa = PBXGroup;
			children = (
				86A3BA911F5462E600ABF0A0 /* CoreDataStack.swift */,
				86A3BA931F5463D700ABF0A0 /* Extensions.swift */,
			);
			path = Common;
			sourceTree = "<group>";
		};
/* End PBXGroup section */

/* Begin PBXNativeTarget section */
		86A3BA711F5460EE00ABF0A0 /* WorkHours */ = {
			isa = PBXNativeTarget;
			buildConfigurationList = 86A3BA871F5460EF00ABF0A0 /* Build configuration list for PBXNativeTarget "WorkHours" */;
			buildPhases = (
				70E6F862DD3FE1866F292DA9 /* [CP] Check Pods Manifest.lock */,
				86A3BA6E1F5460EE00ABF0A0 /* Sources */,
				86A3BA6F1F5460EE00ABF0A0 /* Frameworks */,
				86A3BA701F5460EE00ABF0A0 /* Resources */,
				FAB2751D75FD247B8CE05979 /* [CP] Embed Pods Frameworks */,
				E1BED4CA228A02B3F194DA21 /* [CP] Copy Pods Resources */,
			);
			buildRules = (
			);
			dependencies = (
			);
			name = WorkHours;
			productName = WorkHours;
			productReference = 86A3BA721F5460EE00ABF0A0 /* WorkHours.app */;
			productType = "com.apple.product-type.application";
		};
/* End PBXNativeTarget section */

/* Begin PBXProject section */
		86A3BA6A1F5460EE00ABF0A0 /* Project object */ = {
			isa = PBXProject;
			attributes = {
				LastSwiftUpdateCheck = 0830;
				LastUpgradeCheck = 0830;
				ORGANIZATIONNAME = darlandev;
				TargetAttributes = {
					86A3BA711F5460EE00ABF0A0 = {
						CreatedOnToolsVersion = 8.3.2;
						DevelopmentTeam = DDE9FAS672;
						ProvisioningStyle = Automatic;
					};
				};
			};
			buildConfigurationList = 86A3BA6D1F5460EE00ABF0A0 /* Build configuration list for PBXProject "WorkHours" */;
			compatibilityVersion = "Xcode 3.2";
			developmentRegion = English;
			hasScannedForEncodings = 0;
			knownRegions = (
				en,
				Base,
			);
			mainGroup = 86A3BA691F5460EE00ABF0A0;
			productRefGroup = 86A3BA731F5460EE00ABF0A0 /* Products */;
			projectDirPath = "";
			projectRoot = "";
			targets = (
				86A3BA711F5460EE00ABF0A0 /* WorkHours */,
			);
		};
/* End PBXProject section */

/* Begin PBXResourcesBuildPhase section */
		86A3BA701F5460EE00ABF0A0 /* Resources */ = {
			isa = PBXResourcesBuildPhase;
			buildActionMask = 2147483647;
			files = (
				86A3BA831F5460EF00ABF0A0 /* LaunchScreen.storyboard in Resources */,
				86A3BA801F5460EF00ABF0A0 /* Assets.xcassets in Resources */,
				86A3BA7B1F5460EE00ABF0A0 /* Main.storyboard in Resources */,
			);
			runOnlyForDeploymentPostprocessing = 0;
		};
/* End PBXResourcesBuildPhase section */

/* Begin PBXShellScriptBuildPhase section */
		70E6F862DD3FE1866F292DA9 /* [CP] Check Pods Manifest.lock */ = {
			isa = PBXShellScriptBuildPhase;
			buildActionMask = 2147483647;
			files = (
			);
			inputPaths = (
			);
			name = "[CP] Check Pods Manifest.lock";
			outputPaths = (
			);
			runOnlyForDeploymentPostprocessing = 0;
			shellPath = /bin/sh;
			shellScript = "diff \"${PODS_PODFILE_DIR_PATH}/Podfile.lock\" \"${PODS_ROOT}/Manifest.lock\" > /dev/null\nif [ $? != 0 ] ; then\n    # print error to STDERR\n    echo \"error: The sandbox is not in sync with the Podfile.lock. Run 'pod install' or update your CocoaPods installation.\" >&2\n    exit 1\nfi\n";
			showEnvVarsInLog = 0;
		};
		E1BED4CA228A02B3F194DA21 /* [CP] Copy Pods Resources */ = {
			isa = PBXShellScriptBuildPhase;
			buildActionMask = 2147483647;
			files = (
			);
			inputPaths = (
			);
			name = "[CP] Copy Pods Resources";
			outputPaths = (
			);
			runOnlyForDeploymentPostprocessing = 0;
			shellPath = /bin/sh;
			shellScript = "\"${SRCROOT}/Pods/Target Support Files/Pods-WorkHours/Pods-WorkHours-resources.sh\"\n";
			showEnvVarsInLog = 0;
		};
		FAB2751D75FD247B8CE05979 /* [CP] Embed Pods Frameworks */ = {
			isa = PBXShellScriptBuildPhase;
			buildActionMask = 2147483647;
			files = (
			);
			inputPaths = (
			);
			name = "[CP] Embed Pods Frameworks";
			outputPaths = (
			);
			runOnlyForDeploymentPostprocessing = 0;
			shellPath = /bin/sh;
			shellScript = "\"${SRCROOT}/Pods/Target Support Files/Pods-WorkHours/Pods-WorkHours-frameworks.sh\"\n";
			showEnvVarsInLog = 0;
		};
/* End PBXShellScriptBuildPhase section */

/* Begin PBXSourcesBuildPhase section */
		86A3BA6E1F5460EE00ABF0A0 /* Sources */ = {
			isa = PBXSourcesBuildPhase;
			buildActionMask = 2147483647;
			files = (
				86A3BA921F5462E600ABF0A0 /* CoreDataStack.swift in Sources */,
				86A3BA941F5463D700ABF0A0 /* Extensions.swift in Sources */,
				86A3BA901F5462C800ABF0A0 /* CheckService.swift in Sources */,
				86A3BA761F5460EE00ABF0A0 /* AppDelegate.swift in Sources */,
				86A3BA8D1F54621B00ABF0A0 /* ViewController.swift in Sources */,
				86A3BA7E1F5460EF00ABF0A0 /* WorkHours.xcdatamodeld in Sources */,
			);
			runOnlyForDeploymentPostprocessing = 0;
		};
/* End PBXSourcesBuildPhase section */

/* Begin PBXVariantGroup section */
		86A3BA791F5460EE00ABF0A0 /* Main.storyboard */ = {
			isa = PBXVariantGroup;
			children = (
				86A3BA7A1F5460EE00ABF0A0 /* Base */,
			);
			name = Main.storyboard;
			sourceTree = "<group>";
		};
		86A3BA811F5460EF00ABF0A0 /* LaunchScreen.storyboard */ = {
			isa = PBXVariantGroup;
			children = (
				86A3BA821F5460EF00ABF0A0 /* Base */,
			);
			name = LaunchScreen.storyboard;
			sourceTree = "<group>";
		};
/* End PBXVariantGroup section */

/* Begin XCBuildConfiguration section */
		86A3BA851F5460EF00ABF0A0 /* Debug */ = {
			isa = XCBuildConfiguration;
			buildSettings = {
				ALWAYS_SEARCH_USER_PATHS = NO;
				CLANG_ANALYZER_NONNULL = YES;
				CLANG_ANALYZER_NUMBER_OBJECT_CONVERSION = YES_AGGRESSIVE;
				CLANG_CXX_LANGUAGE_STANDARD = "gnu++0x";
				CLANG_CXX_LIBRARY = "libc++";
				CLANG_ENABLE_MODULES = YES;
				CLANG_ENABLE_OBJC_ARC = YES;
				CLANG_WARN_BOOL_CONVERSION = YES;
				CLANG_WARN_CONSTANT_CONVERSION = YES;
				CLANG_WARN_DIRECT_OBJC_ISA_USAGE = YES_ERROR;
				CLANG_WARN_DOCUMENTATION_COMMENTS = YES;
				CLANG_WARN_EMPTY_BODY = YES;
				CLANG_WARN_ENUM_CONVERSION = YES;
				CLANG_WARN_INFINITE_RECURSION = YES;
				CLANG_WARN_INT_CONVERSION = YES;
				CLANG_WARN_OBJC_ROOT_CLASS = YES_ERROR;
				CLANG_WARN_SUSPICIOUS_MOVE = YES;
				CLANG_WARN_UNREACHABLE_CODE = YES;
				CLANG_WARN__DUPLICATE_METHOD_MATCH = YES;
				"CODE_SIGN_IDENTITY[sdk=iphoneos*]" = "iPhone Developer";
				COPY_PHASE_STRIP = NO;
				DEBUG_INFORMATION_FORMAT = dwarf;
				ENABLE_STRICT_OBJC_MSGSEND = YES;
				ENABLE_TESTABILITY = YES;
				GCC_C_LANGUAGE_STANDARD = gnu99;
				GCC_DYNAMIC_NO_PIC = NO;
				GCC_NO_COMMON_BLOCKS = YES;
				GCC_OPTIMIZATION_LEVEL = 0;
				GCC_PREPROCESSOR_DEFINITIONS = (
					"DEBUG=1",
					"$(inherited)",
				);
				GCC_WARN_64_TO_32_BIT_CONVERSION = YES;
				GCC_WARN_ABOUT_RETURN_TYPE = YES_ERROR;
				GCC_WARN_UNDECLARED_SELECTOR = YES;
				GCC_WARN_UNINITIALIZED_AUTOS = YES_AGGRESSIVE;
				GCC_WARN_UNUSED_FUNCTION = YES;
				GCC_WARN_UNUSED_VARIABLE = YES;
				IPHONEOS_DEPLOYMENT_TARGET = 10.3;
				MTL_ENABLE_DEBUG_INFO = YES;
				ONLY_ACTIVE_ARCH = YES;
				SDKROOT = iphoneos;
				SWIFT_ACTIVE_COMPILATION_CONDITIONS = DEBUG;
				SWIFT_OPTIMIZATION_LEVEL = "-Onone";
				TARGETED_DEVICE_FAMILY = "1,2";
			};
			name = Debug;
		};
		86A3BA861F5460EF00ABF0A0 /* Release */ = {
			isa = XCBuildConfiguration;
			buildSettings = {
				ALWAYS_SEARCH_USER_PATHS = NO;
				CLANG_ANALYZER_NONNULL = YES;
				CLANG_ANALYZER_NUMBER_OBJECT_CONVERSION = YES_AGGRESSIVE;
				CLANG_CXX_LANGUAGE_STANDARD = "gnu++0x";
				CLANG_CXX_LIBRARY = "libc++";
				CLANG_ENABLE_MODULES = YES;
				CLANG_ENABLE_OBJC_ARC = YES;
				CLANG_WARN_BOOL_CONVERSION = YES;
				CLANG_WARN_CONSTANT_CONVERSION = YES;
				CLANG_WARN_DIRECT_OBJC_ISA_USAGE = YES_ERROR;
				CLANG_WARN_DOCUMENTATION_COMMENTS = YES;
				CLANG_WARN_EMPTY_BODY = YES;
				CLANG_WARN_ENUM_CONVERSION = YES;
				CLANG_WARN_INFINITE_RECURSION = YES;
				CLANG_WARN_INT_CONVERSION = YES;
				CLANG_WARN_OBJC_ROOT_CLASS = YES_ERROR;
				CLANG_WARN_SUSPICIOUS_MOVE = YES;
				CLANG_WARN_UNREACHABLE_CODE = YES;
				CLANG_WARN__DUPLICATE_METHOD_MATCH = YES;
				"CODE_SIGN_IDENTITY[sdk=iphoneos*]" = "iPhone Developer";
				COPY_PHASE_STRIP = NO;
				DEBUG_INFORMATION_FORMAT = "dwarf-with-dsym";
				ENABLE_NS_ASSERTIONS = NO;
				ENABLE_STRICT_OBJC_MSGSEND = YES;
				GCC_C_LANGUAGE_STANDARD = gnu99;
				GCC_NO_COMMON_BLOCKS = YES;
				GCC_WARN_64_TO_32_BIT_CONVERSION = YES;
				GCC_WARN_ABOUT_RETURN_TYPE = YES_ERROR;
				GCC_WARN_UNDECLARED_SELECTOR = YES;
				GCC_WARN_UNINITIALIZED_AUTOS = YES_AGGRESSIVE;
				GCC_WARN_UNUSED_FUNCTION = YES;
				GCC_WARN_UNUSED_VARIABLE = YES;
				IPHONEOS_DEPLOYMENT_TARGET = 10.3;
				MTL_ENABLE_DEBUG_INFO = NO;
				SDKROOT = iphoneos;
				SWIFT_OPTIMIZATION_LEVEL = "-Owholemodule";
				TARGETED_DEVICE_FAMILY = "1,2";
				VALIDATE_PRODUCT = YES;
			};
			name = Release;
		};
		86A3BA881F5460EF00ABF0A0 /* Debug */ = {
			isa = XCBuildConfiguration;
			baseConfigurationReference = 6F2A377C8B436B2A17117F90 /* Pods-WorkHours.debug.xcconfig */;
			buildSettings = {
				ASSETCATALOG_COMPILER_APPICON_NAME = AppIcon;
				DEVELOPMENT_TEAM = DDE9FAS672;
				INFOPLIST_FILE = WorkHours/Info.plist;
				LD_RUNPATH_SEARCH_PATHS = "$(inherited) @executable_path/Frameworks";
				PRODUCT_BUNDLE_IDENTIFIER = br.com.darlandev.WorkHours;
				PRODUCT_NAME = "$(TARGET_NAME)";
				SWIFT_VERSION = 3.0;
			};
			name = Debug;
		};
		86A3BA891F5460EF00ABF0A0 /* Release */ = {
			isa = XCBuildConfiguration;
			baseConfigurationReference = 9C313EA275A62E8E7B60E81C /* Pods-WorkHours.release.xcconfig */;
			buildSettings = {
				ASSETCATALOG_COMPILER_APPICON_NAME = AppIcon;
				DEVELOPMENT_TEAM = DDE9FAS672;
				INFOPLIST_FILE = WorkHours/Info.plist;
				LD_RUNPATH_SEARCH_PATHS = "$(inherited) @executable_path/Frameworks";
				PRODUCT_BUNDLE_IDENTIFIER = br.com.darlandev.WorkHours;
				PRODUCT_NAME = "$(TARGET_NAME)";
				SWIFT_VERSION = 3.0;
			};
			name = Release;
		};
/* End XCBuildConfiguration section */

/* Begin XCConfigurationList section */
		86A3BA6D1F5460EE00ABF0A0 /* Build configuration list for PBXProject "WorkHours" */ = {
			isa = XCConfigurationList;
			buildConfigurations = (
				86A3BA851F5460EF00ABF0A0 /* Debug */,
				86A3BA861F5460EF00ABF0A0 /* Release */,
			);
			defaultConfigurationIsVisible = 0;
			defaultConfigurationName = Release;
		};
		86A3BA871F5460EF00ABF0A0 /* Build configuration list for PBXNativeTarget "WorkHours" */ = {
			isa = XCConfigurationList;
			buildConfigurations = (
				86A3BA881F5460EF00ABF0A0 /* Debug */,
				86A3BA891F5460EF00ABF0A0 /* Release */,
			);
			defaultConfigurationIsVisible = 0;
			defaultConfigurationName = Release;
		};
/* End XCConfigurationList section */

/* Begin XCVersionGroup section */
		86A3BA7C1F5460EF00ABF0A0 /* WorkHours.xcdatamodeld */ = {
			isa = XCVersionGroup;
			children = (
				86A3BA7D1F5460EF00ABF0A0 /* WorkHours.xcdatamodel */,
			);
			currentVersion = 86A3BA7D1F5460EF00ABF0A0 /* WorkHours.xcdatamodel */;
			path = WorkHours.xcdatamodeld;
			sourceTree = "<group>";
			versionGroupType = wrapper.xcdatamodel;
		};
/* End XCVersionGroup section */
	};
	rootObject = 86A3BA6A1F5460EE00ABF0A0 /* Project object */;
}
